
Microsoft Visual Studio Solution File, Format Version 12.00
# Visual Studio 15
VisualStudioVersion = 15.0.27130.2027
MinimumVisualStudioVersion = 10.0.40219.1
Project("{FAE04EC0-301F-11D3-BF4B-00C04F79EFBC}") = "Exercise1", "Exercise1\Exercise1.csproj", "{691F97A7-D841-47FB-8593-C9683F9F26AA}"
EndProject
Project("{FAE04EC0-301F-11D3-BF4B-00C04F79EFBC}") = "Exercise2", "Exercise2\Exercise2.csproj", "{34B62DBA-8110-4D61-AD78-64D0FC9B80FA}"
EndProject
Project("{FAE04EC0-301F-11D3-BF4B-00C04F79EFBC}") = "Exercise3", "Exercise3\Exercise3.csproj", "{89FAF32F-AAD5-423C-8049-515CB456663C}"
EndProject
Project("{FAE04EC0-301F-11D3-BF4B-00C04F79EFBC}") = "Exercise4", "Exercise4\Exercise4.csproj", "{B4FAE5C6-7C67-4F16-937D-8E2C27559896}"
EndProject
Project("{FAE04EC0-301F-11D3-BF4B-00C04F79EFBC}") = "Exercise5", "Exercise5\Exercise5.csproj", "{4EA0815F-9C08-47C9-BA27-460634F6F54E}"
EndProject
Project("{FAE04EC0-301F-11D3-BF4B-00C04F79EFBC}") = "Exercise6", "Exercise6\Exercise6.csproj", "{B66C926E-9149-4D13-8AEE-DCD1C408B5B9}"
EndProject
Project("{FAE04EC0-301F-11D3-BF4B-00C04F79EFBC}") = "Exercise7", "Exercise7\Exercise7.csproj", "{D76976A8-D84E-48E8-A362-E96093A5EA3C}"
EndProject
Project("{FAE04EC0-301F-11D3-BF4B-00C04F79EFBC}") = "Exercise8", "Exercise8\Exercise8.csproj", "{F4EF7D2B-C55D-44C2-B31A-B213151CF3C9}"
EndProject
Global
	GlobalSection(SolutionConfigurationPlatforms) = preSolution
		Debug|Any CPU = Debug|Any CPU
		Release|Any CPU = Release|Any CPU
	EndGlobalSection
	GlobalSection(ProjectConfigurationPlatforms) = postSolution
		{691F97A7-D841-47FB-8593-C9683F9F26AA}.Debug|Any CPU.ActiveCfg = Debug|Any CPU
		{691F97A7-D841-47FB-8593-C9683F9F26AA}.Debug|Any CPU.Build.0 = Debug|Any CPU
		{691F97A7-D841-47FB-8593-C9683F9F26AA}.Release|Any CPU.ActiveCfg = Release|Any CPU
		{691F97A7-D841-47FB-8593-C9683F9F26AA}.Release|Any CPU.Build.0 = Release|Any CPU
		{34B62DBA-8110-4D61-AD78-64D0FC9B80FA}.Debug|Any CPU.ActiveCfg = Debug|Any CPU
		{34B62DBA-8110-4D61-AD78-64D0FC9B80FA}.Debug|Any CPU.Build.0 = Debug|Any CPU
		{34B62DBA-8110-4D61-AD78-64D0FC9B80FA}.Release|Any CPU.ActiveCfg = Release|Any CPU
		{34B62DBA-8110-4D61-AD78-64D0FC9B80FA}.Release|Any CPU.Build.0 = Release|Any CPU
		{89FAF32F-AAD5-423C-8049-515CB456663C}.Debug|Any CPU.ActiveCfg = Debug|Any CPU
		{89FAF32F-AAD5-423C-8049-515CB456663C}.Debug|Any CPU.Build.0 = Debug|Any CPU
		{89FAF32F-AAD5-423C-8049-515CB456663C}.Release|Any CPU.ActiveCfg = Release|Any CPU
		{89FAF32F-AAD5-423C-8049-515CB456663C}.Release|Any CPU.Build.0 = Release|Any CPU
		{B4FAE5C6-7C67-4F16-937D-8E2C27559896}.Debug|Any CPU.ActiveCfg = Debug|Any CPU
		{B4FAE5C6-7C67-4F16-937D-8E2C27559896}.Debug|Any CPU.Build.0 = Debug|Any CPU
		{B4FAE5C6-7C67-4F16-937D-8E2C27559896}.Release|Any CPU.ActiveCfg = Release|Any CPU
		{B4FAE5C6-7C67-4F16-937D-8E2C27559896}.Release|Any CPU.Build.0 = Release|Any CPU
		{4EA0815F-9C08-47C9-BA27-460634F6F54E}.Debug|Any CPU.ActiveCfg = Debug|Any CPU
		{4EA0815F-9C08-47C9-BA27-460634F6F54E}.Debug|Any CPU.Build.0 = Debug|Any CPU
		{4EA0815F-9C08-47C9-BA27-460634F6F54E}.Release|Any CPU.ActiveCfg = Release|Any CPU
		{4EA0815F-9C08-47C9-BA27-460634F6F54E}.Release|Any CPU.Build.0 = Release|Any CPU
		{B66C926E-9149-4D13-8AEE-DCD1C408B5B9}.Debug|Any CPU.ActiveCfg = Debug|Any CPU
		{B66C926E-9149-4D13-8AEE-DCD1C408B5B9}.Debug|Any CPU.Build.0 = Debug|Any CPU
		{B66C926E-9149-4D13-8AEE-DCD1C408B5B9}.Release|Any CPU.ActiveCfg = Release|Any CPU
		{B66C926E-9149-4D13-8AEE-DCD1C408B5B9}.Release|Any CPU.Build.0 = Release|Any CPU
		{D76976A8-D84E-48E8-A362-E96093A5EA3C}.Debug|Any CPU.ActiveCfg = Debug|Any CPU
		{D76976A8-D84E-48E8-A362-E96093A5EA3C}.Debug|Any CPU.Build.0 = Debug|Any CPU
		{D76976A8-D84E-48E8-A362-E96093A5EA3C}.Release|Any CPU.ActiveCfg = Release|Any CPU
		{D76976A8-D84E-48E8-A362-E96093A5EA3C}.Release|Any CPU.Build.0 = Release|Any CPU
		{F4EF7D2B-C55D-44C2-B31A-B213151CF3C9}.Debug|Any CPU.ActiveCfg = Debug|Any CPU
		{F4EF7D2B-C55D-44C2-B31A-B213151CF3C9}.Debug|Any CPU.Build.0 = Debug|Any CPU
		{F4EF7D2B-C55D-44C2-B31A-B213151CF3C9}.Release|Any CPU.ActiveCfg = Release|Any CPU
		{F4EF7D2B-C55D-44C2-B31A-B213151CF3C9}.Release|Any CPU.Build.0 = Release|Any CPU
	EndGlobalSection
	GlobalSection(SolutionProperties) = preSolution
		HideSolutionNode = FALSE
	EndGlobalSection
	GlobalSection(ExtensibilityGlobals) = postSolution
		SolutionGuid = {2DE6E062-718A-4FAA-A86C-05D00A6F8FDE}
	EndGlobalSection
EndGlobal
